// !$*UTF8*$!
{
	archiveVersion = 1;
	classes = {
	};
	objectVersion = 50;
	objects = {

/* Begin PBXBuildFile section */
		6FDDB7392465FE7A00FC6DD8 /* AppDelegate.swift in Sources */ = {isa = PBXBuildFile; fileRef = 6FDDB7382465FE7A00FC6DD8 /* AppDelegate.swift */; };
		6FDDB73B2465FE7A00FC6DD8 /* SceneDelegate.swift in Sources */ = {isa = PBXBuildFile; fileRef = 6FDDB73A2465FE7A00FC6DD8 /* SceneDelegate.swift */; };
		6FDDB73D2465FE7A00FC6DD8 /* ViewController.swift in Sources */ = {isa = PBXBuildFile; fileRef = 6FDDB73C2465FE7A00FC6DD8 /* ViewController.swift */; };
		6FDDB7402465FE7A00FC6DD8 /* Main.storyboard in Resources */ = {isa = PBXBuildFile; fileRef = 6FDDB73E2465FE7A00FC6DD8 /* Main.storyboard */; };
		6FDDB7422465FE7C00FC6DD8 /* Assets.xcassets in Resources */ = {isa = PBXBuildFile; fileRef = 6FDDB7412465FE7C00FC6DD8 /* Assets.xcassets */; };
		6FDDB7452465FE7C00FC6DD8 /* LaunchScreen.storyboard in Resources */ = {isa = PBXBuildFile; fileRef = 6FDDB7432465FE7C00FC6DD8 /* LaunchScreen.storyboard */; };
		6FDDB7502465FE7C00FC6DD8 /* BluetoothCalibratorTests.swift in Sources */ = {isa = PBXBuildFile; fileRef = 6FDDB74F2465FE7C00FC6DD8 /* BluetoothCalibratorTests.swift */; };
		6FDDB75B2466037200FC6DD8 /* CalibrationViewController.swift in Sources */ = {isa = PBXBuildFile; fileRef = 6FDDB75A2466037200FC6DD8 /* CalibrationViewController.swift */; };
		6FDDB75D2466058700FC6DD8 /* BTLEQuickConnectListener.swift in Sources */ = {isa = PBXBuildFile; fileRef = 6FDDB75C2466058700FC6DD8 /* BTLEQuickConnectListener.swift */; };
		6FDDB7622466062100FC6DD8 /* BluetoothProtocols.swift in Sources */ = {isa = PBXBuildFile; fileRef = 6FDDB7612466062100FC6DD8 /* BluetoothProtocols.swift */; };
		6FDDB7642466111000FC6DD8 /* BTLEQuickConnectBroadcaster.swift in Sources */ = {isa = PBXBuildFile; fileRef = 6FDDB7632466111000FC6DD8 /* BTLEQuickConnectBroadcaster.swift */; };
/* End PBXBuildFile section */

/* Begin PBXContainerItemProxy section */
		6FDDB74C2465FE7C00FC6DD8 /* PBXContainerItemProxy */ = {
			isa = PBXContainerItemProxy;
			containerPortal = 6FDDB72D2465FE7A00FC6DD8 /* Project object */;
			proxyType = 1;
			remoteGlobalIDString = 6FDDB7342465FE7A00FC6DD8;
			remoteInfo = BluetoothCalibrator;
		};
/* End PBXContainerItemProxy section */

/* Begin PBXFileReference section */
		6FDDB7352465FE7A00FC6DD8 /* BluetoothCalibrator.app */ = {isa = PBXFileReference; explicitFileType = wrapper.application; includeInIndex = 0; path = BluetoothCalibrator.app; sourceTree = BUILT_PRODUCTS_DIR; };
		6FDDB7382465FE7A00FC6DD8 /* AppDelegate.swift */ = {isa = PBXFileReference; lastKnownFileType = sourcecode.swift; path = AppDelegate.swift; sourceTree = "<group>"; };
		6FDDB73A2465FE7A00FC6DD8 /* SceneDelegate.swift */ = {isa = PBXFileReference; lastKnownFileType = sourcecode.swift; path = SceneDelegate.swift; sourceTree = "<group>"; };
		6FDDB73C2465FE7A00FC6DD8 /* ViewController.swift */ = {isa = PBXFileReference; lastKnownFileType = sourcecode.swift; path = ViewController.swift; sourceTree = "<group>"; };
		6FDDB73F2465FE7A00FC6DD8 /* Base */ = {isa = PBXFileReference; lastKnownFileType = file.storyboard; name = Base; path = Base.lproj/Main.storyboard; sourceTree = "<group>"; };
		6FDDB7412465FE7C00FC6DD8 /* Assets.xcassets */ = {isa = PBXFileReference; lastKnownFileType = folder.assetcatalog; path = Assets.xcassets; sourceTree = "<group>"; };
		6FDDB7442465FE7C00FC6DD8 /* Base */ = {isa = PBXFileReference; lastKnownFileType = file.storyboard; name = Base; path = Base.lproj/LaunchScreen.storyboard; sourceTree = "<group>"; };
		6FDDB7462465FE7C00FC6DD8 /* Info.plist */ = {isa = PBXFileReference; lastKnownFileType = text.plist.xml; path = Info.plist; sourceTree = "<group>"; };
		6FDDB74B2465FE7C00FC6DD8 /* BluetoothCalibratorTests.xctest */ = {isa = PBXFileReference; explicitFileType = wrapper.cfbundle; includeInIndex = 0; path = BluetoothCalibratorTests.xctest; sourceTree = BUILT_PRODUCTS_DIR; };
		6FDDB74F2465FE7C00FC6DD8 /* BluetoothCalibratorTests.swift */ = {isa = PBXFileReference; lastKnownFileType = sourcecode.swift; path = BluetoothCalibratorTests.swift; sourceTree = "<group>"; };
		6FDDB7512465FE7C00FC6DD8 /* Info.plist */ = {isa = PBXFileReference; lastKnownFileType = text.plist.xml; path = Info.plist; sourceTree = "<group>"; };
		6FDDB75A2466037200FC6DD8 /* CalibrationViewController.swift */ = {isa = PBXFileReference; lastKnownFileType = sourcecode.swift; path = CalibrationViewController.swift; sourceTree = "<group>"; };
		6FDDB75C2466058700FC6DD8 /* BTLEQuickConnectListener.swift */ = {isa = PBXFileReference; lastKnownFileType = sourcecode.swift; path = BTLEQuickConnectListener.swift; sourceTree = "<group>"; };
		6FDDB7612466062100FC6DD8 /* BluetoothProtocols.swift */ = {isa = PBXFileReference; lastKnownFileType = sourcecode.swift; path = BluetoothProtocols.swift; sourceTree = "<group>"; };
		6FDDB7632466111000FC6DD8 /* BTLEQuickConnectBroadcaster.swift */ = {isa = PBXFileReference; lastKnownFileType = sourcecode.swift; path = BTLEQuickConnectBroadcaster.swift; sourceTree = "<group>"; };
/* End PBXFileReference section */

/* Begin PBXFrameworksBuildPhase section */
		6FDDB7322465FE7A00FC6DD8 /* Frameworks */ = {
			isa = PBXFrameworksBuildPhase;
			buildActionMask = 2147483647;
			files = (
			);
			runOnlyForDeploymentPostprocessing = 0;
		};
		6FDDB7482465FE7C00FC6DD8 /* Frameworks */ = {
			isa = PBXFrameworksBuildPhase;
			buildActionMask = 2147483647;
			files = (
			);
			runOnlyForDeploymentPostprocessing = 0;
		};
/* End PBXFrameworksBuildPhase section */

/* Begin PBXGroup section */
		6FDDB72C2465FE7A00FC6DD8 = {
			isa = PBXGroup;
			children = (
				6FDDB7372465FE7A00FC6DD8 /* BluetoothCalibrator */,
				6FDDB74E2465FE7C00FC6DD8 /* BluetoothCalibratorTests */,
				6FDDB7362465FE7A00FC6DD8 /* Products */,
			);
			sourceTree = "<group>";
		};
		6FDDB7362465FE7A00FC6DD8 /* Products */ = {
			isa = PBXGroup;
			children = (
				6FDDB7352465FE7A00FC6DD8 /* BluetoothCalibrator.app */,
				6FDDB74B2465FE7C00FC6DD8 /* BluetoothCalibratorTests.xctest */,
			);
			name = Products;
			sourceTree = "<group>";
		};
		6FDDB7372465FE7A00FC6DD8 /* BluetoothCalibrator */ = {
			isa = PBXGroup;
			children = (
				6FDDB7382465FE7A00FC6DD8 /* AppDelegate.swift */,
				6FDDB73A2465FE7A00FC6DD8 /* SceneDelegate.swift */,
				6FDDB73C2465FE7A00FC6DD8 /* ViewController.swift */,
				6FDDB73E2465FE7A00FC6DD8 /* Main.storyboard */,
				6FDDB7412465FE7C00FC6DD8 /* Assets.xcassets */,
				6FDDB7432465FE7C00FC6DD8 /* LaunchScreen.storyboard */,
				6FDDB7462465FE7C00FC6DD8 /* Info.plist */,
				6FDDB75A2466037200FC6DD8 /* CalibrationViewController.swift */,
				6FDDB75C2466058700FC6DD8 /* BTLEQuickConnectListener.swift */,
				6FDDB7612466062100FC6DD8 /* BluetoothProtocols.swift */,
				6FDDB7632466111000FC6DD8 /* BTLEQuickConnectBroadcaster.swift */,
			);
			path = BluetoothCalibrator;
			sourceTree = "<group>";
		};
		6FDDB74E2465FE7C00FC6DD8 /* BluetoothCalibratorTests */ = {
			isa = PBXGroup;
			children = (
				6FDDB74F2465FE7C00FC6DD8 /* BluetoothCalibratorTests.swift */,
				6FDDB7512465FE7C00FC6DD8 /* Info.plist */,
			);
			path = BluetoothCalibratorTests;
			sourceTree = "<group>";
		};
/* End PBXGroup section */

/* Begin PBXNativeTarget section */
		6FDDB7342465FE7A00FC6DD8 /* BluetoothCalibrator */ = {
			isa = PBXNativeTarget;
			buildConfigurationList = 6FDDB7542465FE7C00FC6DD8 /* Build configuration list for PBXNativeTarget "BluetoothCalibrator" */;
			buildPhases = (
				6FDDB7312465FE7A00FC6DD8 /* Sources */,
				6FDDB7322465FE7A00FC6DD8 /* Frameworks */,
				6FDDB7332465FE7A00FC6DD8 /* Resources */,
			);
			buildRules = (
			);
			dependencies = (
			);
			name = BluetoothCalibrator;
			packageProductDependencies = (
			);
			productName = BluetoothCalibrator;
			productReference = 6FDDB7352465FE7A00FC6DD8 /* BluetoothCalibrator.app */;
			productType = "com.apple.product-type.application";
		};
		6FDDB74A2465FE7C00FC6DD8 /* BluetoothCalibratorTests */ = {
			isa = PBXNativeTarget;
			buildConfigurationList = 6FDDB7572465FE7C00FC6DD8 /* Build configuration list for PBXNativeTarget "BluetoothCalibratorTests" */;
			buildPhases = (
				6FDDB7472465FE7C00FC6DD8 /* Sources */,
				6FDDB7482465FE7C00FC6DD8 /* Frameworks */,
				6FDDB7492465FE7C00FC6DD8 /* Resources */,
			);
			buildRules = (
			);
			dependencies = (
				6FDDB74D2465FE7C00FC6DD8 /* PBXTargetDependency */,
			);
			name = BluetoothCalibratorTests;
			productName = BluetoothCalibratorTests;
			productReference = 6FDDB74B2465FE7C00FC6DD8 /* BluetoothCalibratorTests.xctest */;
			productType = "com.apple.product-type.bundle.unit-test";
		};
/* End PBXNativeTarget section */

/* Begin PBXProject section */
		6FDDB72D2465FE7A00FC6DD8 /* Project object */ = {
			isa = PBXProject;
			attributes = {
				LastSwiftUpdateCheck = 1130;
				LastUpgradeCheck = 1130;
				ORGANIZATIONNAME = AdamFowler;
				TargetAttributes = {
					6FDDB7342465FE7A00FC6DD8 = {
						CreatedOnToolsVersion = 11.3.1;
					};
					6FDDB74A2465FE7C00FC6DD8 = {
						CreatedOnToolsVersion = 11.3.1;
						TestTargetID = 6FDDB7342465FE7A00FC6DD8;
					};
				};
			};
			buildConfigurationList = 6FDDB7302465FE7A00FC6DD8 /* Build configuration list for PBXProject "BluetoothCalibrator" */;
			compatibilityVersion = "Xcode 9.3";
			developmentRegion = en;
			hasScannedForEncodings = 0;
			knownRegions = (
				en,
				Base,
			);
			mainGroup = 6FDDB72C2465FE7A00FC6DD8;
			packageReferences = (
			);
			productRefGroup = 6FDDB7362465FE7A00FC6DD8 /* Products */;
			projectDirPath = "";
			projectRoot = "";
			targets = (
				6FDDB7342465FE7A00FC6DD8 /* BluetoothCalibrator */,
				6FDDB74A2465FE7C00FC6DD8 /* BluetoothCalibratorTests */,
			);
		};
/* End PBXProject section */

/* Begin PBXResourcesBuildPhase section */
		6FDDB7332465FE7A00FC6DD8 /* Resources */ = {
			isa = PBXResourcesBuildPhase;
			buildActionMask = 2147483647;
			files = (
				6FDDB7452465FE7C00FC6DD8 /* LaunchScreen.storyboard in Resources */,
				6FDDB7422465FE7C00FC6DD8 /* Assets.xcassets in Resources */,
				6FDDB7402465FE7A00FC6DD8 /* Main.storyboard in Resources */,
			);
			runOnlyForDeploymentPostprocessing = 0;
		};
		6FDDB7492465FE7C00FC6DD8 /* Resources */ = {
			isa = PBXResourcesBuildPhase;
			buildActionMask = 2147483647;
			files = (
			);
			runOnlyForDeploymentPostprocessing = 0;
		};
/* End PBXResourcesBuildPhase section */

/* Begin PBXSourcesBuildPhase section */
		6FDDB7312465FE7A00FC6DD8 /* Sources */ = {
			isa = PBXSourcesBuildPhase;
			buildActionMask = 2147483647;
			files = (
				6FDDB73D2465FE7A00FC6DD8 /* ViewController.swift in Sources */,
				6FDDB75B2466037200FC6DD8 /* CalibrationViewController.swift in Sources */,
				6FDDB7392465FE7A00FC6DD8 /* AppDelegate.swift in Sources */,
				6FDDB75D2466058700FC6DD8 /* BTLEQuickConnectListener.swift in Sources */,
				6FDDB7642466111000FC6DD8 /* BTLEQuickConnectBroadcaster.swift in Sources */,
				6FDDB7622466062100FC6DD8 /* BluetoothProtocols.swift in Sources */,
				6FDDB73B2465FE7A00FC6DD8 /* SceneDelegate.swift in Sources */,
			);
			runOnlyForDeploymentPostprocessing = 0;
		};
		6FDDB7472465FE7C00FC6DD8 /* Sources */ = {
			isa = PBXSourcesBuildPhase;
			buildActionMask = 2147483647;
			files = (
				6FDDB7502465FE7C00FC6DD8 /* BluetoothCalibratorTests.swift in Sources */,
			);
			runOnlyForDeploymentPostprocessing = 0;
		};
/* End PBXSourcesBuildPhase section */

/* Begin PBXTargetDependency section */
		6FDDB74D2465FE7C00FC6DD8 /* PBXTargetDependency */ = {
			isa = PBXTargetDependency;
			target = 6FDDB7342465FE7A00FC6DD8 /* BluetoothCalibrator */;
			targetProxy = 6FDDB74C2465FE7C00FC6DD8 /* PBXContainerItemProxy */;
		};
/* End PBXTargetDependency section */

/* Begin PBXVariantGroup section */
		6FDDB73E2465FE7A00FC6DD8 /* Main.storyboard */ = {
			isa = PBXVariantGroup;
			children = (
				6FDDB73F2465FE7A00FC6DD8 /* Base */,
			);
			name = Main.storyboard;
			sourceTree = "<group>";
		};
		6FDDB7432465FE7C00FC6DD8 /* LaunchScreen.storyboard */ = {
			isa = PBXVariantGroup;
			children = (
				6FDDB7442465FE7C00FC6DD8 /* Base */,
			);
			name = LaunchScreen.storyboard;
			sourceTree = "<group>";
		};
/* End PBXVariantGroup section */

/* Begin XCBuildConfiguration section */
		6FDDB7522465FE7C00FC6DD8 /* Debug */ = {
			isa = XCBuildConfiguration;
			buildSettings = {
				ALWAYS_SEARCH_USER_PATHS = NO;
				CLANG_ANALYZER_NONNULL = YES;
				CLANG_ANALYZER_NUMBER_OBJECT_CONVERSION = YES_AGGRESSIVE;
				CLANG_CXX_LANGUAGE_STANDARD = "gnu++14";
				CLANG_CXX_LIBRARY = "libc++";
				CLANG_ENABLE_MODULES = YES;
				CLANG_ENABLE_OBJC_ARC = YES;
				CLANG_ENABLE_OBJC_WEAK = YES;
				CLANG_WARN_BLOCK_CAPTURE_AUTORELEASING = YES;
				CLANG_WARN_BOOL_CONVERSION = YES;
				CLANG_WARN_COMMA = YES;
				CLANG_WARN_CONSTANT_CONVERSION = YES;
				CLANG_WARN_DEPRECATED_OBJC_IMPLEMENTATIONS = YES;
				CLANG_WARN_DIRECT_OBJC_ISA_USAGE = YES_ERROR;
				CLANG_WARN_DOCUMENTATION_COMMENTS = YES;
				CLANG_WARN_EMPTY_BODY = YES;
				CLANG_WARN_ENUM_CONVERSION = YES;
				CLANG_WARN_INFINITE_RECURSION = YES;
				CLANG_WARN_INT_CONVERSION = YES;
				CLANG_WARN_NON_LITERAL_NULL_CONVERSION = YES;
				CLANG_WARN_OBJC_IMPLICIT_RETAIN_SELF = YES;
				CLANG_WARN_OBJC_LITERAL_CONVERSION = YES;
				CLANG_WARN_OBJC_ROOT_CLASS = YES_ERROR;
				CLANG_WARN_RANGE_LOOP_ANALYSIS = YES;
				CLANG_WARN_STRICT_PROTOTYPES = YES;
				CLANG_WARN_SUSPICIOUS_MOVE = YES;
				CLANG_WARN_UNGUARDED_AVAILABILITY = YES_AGGRESSIVE;
				CLANG_WARN_UNREACHABLE_CODE = YES;
				CLANG_WARN__DUPLICATE_METHOD_MATCH = YES;
				COPY_PHASE_STRIP = NO;
				DEBUG_INFORMATION_FORMAT = dwarf;
				ENABLE_STRICT_OBJC_MSGSEND = YES;
				ENABLE_TESTABILITY = YES;
				GCC_C_LANGUAGE_STANDARD = gnu11;
				GCC_DYNAMIC_NO_PIC = NO;
				GCC_NO_COMMON_BLOCKS = YES;
				GCC_OPTIMIZATION_LEVEL = 0;
				GCC_PREPROCESSOR_DEFINITIONS = (
					"DEBUG=1",
					"$(inherited)",
				);
				GCC_WARN_64_TO_32_BIT_CONVERSION = YES;
				GCC_WARN_ABOUT_RETURN_TYPE = YES_ERROR;
				GCC_WARN_UNDECLARED_SELECTOR = YES;
				GCC_WARN_UNINITIALIZED_AUTOS = YES_AGGRESSIVE;
				GCC_WARN_UNUSED_FUNCTION = YES;
				GCC_WARN_UNUSED_VARIABLE = YES;
				IPHONEOS_DEPLOYMENT_TARGET = 10.3;
				MTL_ENABLE_DEBUG_INFO = INCLUDE_SOURCE;
				MTL_FAST_MATH = YES;
				ONLY_ACTIVE_ARCH = YES;
				SDKROOT = iphoneos;
				SWIFT_ACTIVE_COMPILATION_CONDITIONS = DEBUG;
				SWIFT_OPTIMIZATION_LEVEL = "-Onone";
			};
			name = Debug;
		};
		6FDDB7532465FE7C00FC6DD8 /* Release */ = {
			isa = XCBuildConfiguration;
			buildSettings = {
				ALWAYS_SEARCH_USER_PATHS = NO;
				CLANG_ANALYZER_NONNULL = YES;
				CLANG_ANALYZER_NUMBER_OBJECT_CONVERSION = YES_AGGRESSIVE;
				CLANG_CXX_LANGUAGE_STANDARD = "gnu++14";
				CLANG_CXX_LIBRARY = "libc++";
				CLANG_ENABLE_MODULES = YES;
				CLANG_ENABLE_OBJC_ARC = YES;
				CLANG_ENABLE_OBJC_WEAK = YES;
				CLANG_WARN_BLOCK_CAPTURE_AUTORELEASING = YES;
				CLANG_WARN_BOOL_CONVERSION = YES;
				CLANG_WARN_COMMA = YES;
				CLANG_WARN_CONSTANT_CONVERSION = YES;
				CLANG_WARN_DEPRECATED_OBJC_IMPLEMENTATIONS = YES;
				CLANG_WARN_DIRECT_OBJC_ISA_USAGE = YES_ERROR;
				CLANG_WARN_DOCUMENTATION_COMMENTS = YES;
				CLANG_WARN_EMPTY_BODY = YES;
				CLANG_WARN_ENUM_CONVERSION = YES;
				CLANG_WARN_INFINITE_RECURSION = YES;
				CLANG_WARN_INT_CONVERSION = YES;
				CLANG_WARN_NON_LITERAL_NULL_CONVERSION = YES;
				CLANG_WARN_OBJC_IMPLICIT_RETAIN_SELF = YES;
				CLANG_WARN_OBJC_LITERAL_CONVERSION = YES;
				CLANG_WARN_OBJC_ROOT_CLASS = YES_ERROR;
				CLANG_WARN_RANGE_LOOP_ANALYSIS = YES;
				CLANG_WARN_STRICT_PROTOTYPES = YES;
				CLANG_WARN_SUSPICIOUS_MOVE = YES;
				CLANG_WARN_UNGUARDED_AVAILABILITY = YES_AGGRESSIVE;
				CLANG_WARN_UNREACHABLE_CODE = YES;
				CLANG_WARN__DUPLICATE_METHOD_MATCH = YES;
				COPY_PHASE_STRIP = NO;
				DEBUG_INFORMATION_FORMAT = "dwarf-with-dsym";
				ENABLE_NS_ASSERTIONS = NO;
				ENABLE_STRICT_OBJC_MSGSEND = YES;
				GCC_C_LANGUAGE_STANDARD = gnu11;
				GCC_NO_COMMON_BLOCKS = YES;
				GCC_WARN_64_TO_32_BIT_CONVERSION = YES;
				GCC_WARN_ABOUT_RETURN_TYPE = YES_ERROR;
				GCC_WARN_UNDECLARED_SELECTOR = YES;
				GCC_WARN_UNINITIALIZED_AUTOS = YES_AGGRESSIVE;
				GCC_WARN_UNUSED_FUNCTION = YES;
				GCC_WARN_UNUSED_VARIABLE = YES;
				IPHONEOS_DEPLOYMENT_TARGET = 10.3;
				MTL_ENABLE_DEBUG_INFO = NO;
				MTL_FAST_MATH = YES;
				SDKROOT = iphoneos;
				SWIFT_COMPILATION_MODE = wholemodule;
				SWIFT_OPTIMIZATION_LEVEL = "-O";
				VALIDATE_PRODUCT = YES;
			};
			name = Release;
		};
		6FDDB7552465FE7C00FC6DD8 /* Debug */ = {
			isa = XCBuildConfiguration;
			buildSettings = {
				ASSETCATALOG_COMPILER_APPICON_NAME = AppIcon;
				BUILD_LIBRARY_FOR_DISTRIBUTION = YES;
				CODE_SIGN_IDENTITY = "iPhone Developer";
				CODE_SIGN_STYLE = Automatic;
				DEVELOPMENT_TEAM = Z4G2H2H6CW;
				INFOPLIST_FILE = BluetoothCalibrator/Info.plist;
				IPHONEOS_DEPLOYMENT_TARGET = 10.3;
				LD_RUNPATH_SEARCH_PATHS = (
					"$(inherited)",
					"@executable_path/Frameworks",
				);
				ONLY_ACTIVE_ARCH = YES;
				PRODUCT_BUNDLE_IDENTIFIER = com.vmware.squire.BluetoothCalibrator;
				PRODUCT_NAME = "$(TARGET_NAME)";
				SWIFT_VERSION = 5.0;
				TARGETED_DEVICE_FAMILY = 1;
			};
			name = Debug;
		};
		6FDDB7562465FE7C00FC6DD8 /* Release */ = {
			isa = XCBuildConfiguration;
			buildSettings = {
				ASSETCATALOG_COMPILER_APPICON_NAME = AppIcon;
				BUILD_LIBRARY_FOR_DISTRIBUTION = YES;
				CODE_SIGN_IDENTITY = "iPhone Developer";
				CODE_SIGN_STYLE = Automatic;
				DEVELOPMENT_TEAM = Z4G2H2H6CW;
				INFOPLIST_FILE = BluetoothCalibrator/Info.plist;
				IPHONEOS_DEPLOYMENT_TARGET = 10.3;
				LD_RUNPATH_SEARCH_PATHS = (
					"$(inherited)",
					"@executable_path/Frameworks",
				);
				ONLY_ACTIVE_ARCH = NO;
				PRODUCT_BUNDLE_IDENTIFIER = com.vmware.squire.BluetoothCalibrator;
				PRODUCT_NAME = "$(TARGET_NAME)";
				SWIFT_VERSION = 5.0;
				TARGETED_DEVICE_FAMILY = 1;
			};
			name = Release;
		};
		6FDDB7582465FE7C00FC6DD8 /* Debug */ = {
			isa = XCBuildConfiguration;
			buildSettings = {
				ALWAYS_EMBED_SWIFT_STANDARD_LIBRARIES = YES;
				BUNDLE_LOADER = "$(TEST_HOST)";
				CODE_SIGN_STYLE = Automatic;
				DEVELOPMENT_TEAM = Z4G2H2H6CW;
				INFOPLIST_FILE = BluetoothCalibratorTests/Info.plist;
				IPHONEOS_DEPLOYMENT_TARGET = 13.2;
				LD_RUNPATH_SEARCH_PATHS = (
					"$(inherited)",
					"@executable_path/Frameworks",
					"@loader_path/Frameworks",
				);
				PRODUCT_BUNDLE_IDENTIFIER = org.adamfowler.BluetoothCalibratorTests;
				PRODUCT_NAME = "$(TARGET_NAME)";
				SWIFT_VERSION = 5.0;
				TARGETED_DEVICE_FAMILY = "1,2";
				TEST_HOST = "$(BUILT_PRODUCTS_DIR)/BluetoothCalibrator.app/BluetoothCalibrator";
			};
			name = Debug;
		};
		6FDDB7592465FE7C00FC6DD8 /* Release */ = {
			isa = XCBuildConfiguration;
			buildSettings = {
				ALWAYS_EMBED_SWIFT_STANDARD_LIBRARIES = YES;
				BUNDLE_LOADER = "$(TEST_HOST)";
				CODE_SIGN_STYLE = Automatic;
				DEVELOPMENT_TEAM = Z4G2H2H6CW;
				INFOPLIST_FILE = BluetoothCalibratorTests/Info.plist;
				IPHONEOS_DEPLOYMENT_TARGET = 13.2;
				LD_RUNPATH_SEARCH_PATHS = (
					"$(inherited)",
					"@executable_path/Frameworks",
					"@loader_path/Frameworks",
				);
				PRODUCT_BUNDLE_IDENTIFIER = org.adamfowler.BluetoothCalibratorTests;
				PRODUCT_NAME = "$(TARGET_NAME)";
				SWIFT_VERSION = 5.0;
				TARGETED_DEVICE_FAMILY = "1,2";
				TEST_HOST = "$(BUILT_PRODUCTS_DIR)/BluetoothCalibrator.app/BluetoothCalibrator";
			};
			name = Release;
		};
/* End XCBuildConfiguration section */

/* Begin XCConfigurationList section */
		6FDDB7302465FE7A00FC6DD8 /* Build configuration list for PBXProject "BluetoothCalibrator" */ = {
			isa = XCConfigurationList;
			buildConfigurations = (
				6FDDB7522465FE7C00FC6DD8 /* Debug */,
				6FDDB7532465FE7C00FC6DD8 /* Release */,
			);
			defaultConfigurationIsVisible = 0;
			defaultConfigurationName = Release;
		};
		6FDDB7542465FE7C00FC6DD8 /* Build configuration list for PBXNativeTarget "BluetoothCalibrator" */ = {
			isa = XCConfigurationList;
			buildConfigurations = (
				6FDDB7552465FE7C00FC6DD8 /* Debug */,
				6FDDB7562465FE7C00FC6DD8 /* Release */,
			);
			defaultConfigurationIsVisible = 0;
			defaultConfigurationName = Release;
		};
		6FDDB7572465FE7C00FC6DD8 /* Build configuration list for PBXNativeTarget "BluetoothCalibratorTests" */ = {
			isa = XCConfigurationList;
			buildConfigurations = (
				6FDDB7582465FE7C00FC6DD8 /* Debug */,
				6FDDB7592465FE7C00FC6DD8 /* Release */,
			);
			defaultConfigurationIsVisible = 0;
			defaultConfigurationName = Release;
		};
/* End XCConfigurationList section */
	};
	rootObject = 6FDDB72D2465FE7A00FC6DD8 /* Project object */;
}
